github.com/ulikunitz/lz v0.6.11 h1:KX3Wk0shhb9X7xo0gjmjGYgqOJ22ykxVmnvt6rBaG6E=
github.com/ulikunitz/lz v0.6.11/go.mod h1:7LLNMF+PbobzOrHHNTrUu7Tq8jKDgahkRO5lyj3gNz0=
github.com/ulikunitz/xz/v2 v2.0.0-dev.4 h1:RivfGjDWpWOZj2anqNhPJ34gV1oknryMhKYfHKWIiNo=
github.com/ulikunitz/xz/v2 v2.0.0-dev.4/go.mod h1:Yx+GXjZb1l94JZzLIuGMG8+QP9BPW3GMJUEX95iQNDM=
